
Microsoft Visual Studio Solution File, Format Version 12.00
# Visual Studio Version 16
VisualStudioVersion = 16.0.33423.256
MinimumVisualStudioVersion = 10.0.40219.1
Project("{FAE04EC0-301F-11D3-BF4B-00C04F79EFBC}") = "CatalogoCham", "CatalogoCham\CatalogoCham.csproj", "{4A3DEFD9-6157-4684-A944-47B8EDBA738C}"
EndProject
Global
	GlobalSection(SolutionConfigurationPlatforms) = preSolution
		Debug|Any CPU = Debug|Any CPU
		Release|Any CPU = Release|Any CPU
	EndGlobalSection
	GlobalSection(ProjectConfigurationPlatforms) = postSolution
		{4A3DEFD9-6157-4684-A944-47B8EDBA738C}.Debug|Any CPU.ActiveCfg = Debug|Any CPU
		{4A3DEFD9-6157-4684-A944-47B8EDBA738C}.Debug|Any CPU.Build.0 = Debug|Any CPU
		{4A3DEFD9-6157-4684-A944-47B8EDBA738C}.Release|Any CPU.ActiveCfg = Release|Any CPU
		{4A3DEFD9-6157-4684-A944-47B8EDBA738C}.Release|Any CPU.Build.0 = Release|Any CPU
	EndGlobalSection
	GlobalSection(SolutionProperties) = preSolution
		HideSolutionNode = FALSE
	EndGlobalSection
	GlobalSection(ExtensibilityGlobals) = postSolution
		SolutionGuid = {D2FF8AF4-2988-4760-93CE-1521E3CCD6DB}
	EndGlobalSection
EndGlobal
